
Microsoft Visual Studio Solution File, Format Version 11.00
# Visual Studio 2010
Project("{FAE04EC0-301F-11D3-BF4B-00C04F79EFBC}") = "UnityEngine.TestRunner", "UnityEngine.TestRunner.csproj", "{006cab79-096e-3c65-bf33-9d15d5854676}"
EndProject
Project("{FAE04EC0-301F-11D3-BF4B-00C04F79EFBC}") = "Unity.TextMeshPro", "Unity.TextMeshPro.csproj", "{253aef38-8755-dcd3-1473-e5c58c717209}"
EndProject
Project("{FAE04EC0-301F-11D3-BF4B-00C04F79EFBC}") = "Unity.Timeline", "Unity.Timeline.csproj", "{df863b02-4f62-6a07-9b0d-c95ab984a5a5}"
EndProject
Project("{FAE04EC0-301F-11D3-BF4B-00C04F79EFBC}") = "Assembly-CSharp", "Assembly-CSharp.csproj", "{038d5ec1-9d37-b868-c74e-4e4809ba3bb4}"
EndProject
Project("{FAE04EC0-301F-11D3-BF4B-00C04F79EFBC}") = "UnityEditor.TestRunner", "UnityEditor.TestRunner.csproj", "{8c5ca42a-2985-452c-4ca4-f106640e36f8}"
EndProject
Project("{FAE04EC0-301F-11D3-BF4B-00C04F79EFBC}") = "Unity.TextMeshPro.Editor", "Unity.TextMeshPro.Editor.csproj", "{072f80f2-e98f-3794-9171-04d147b9b31b}"
EndProject
Project("{FAE04EC0-301F-11D3-BF4B-00C04F79EFBC}") = "Unity.Timeline.Editor", "Unity.Timeline.Editor.csproj", "{380c4b28-83f4-1f05-f908-45f8f1b76d11}"
EndProject
Project("{FAE04EC0-301F-11D3-BF4B-00C04F79EFBC}") = "Unity.CollabProxy.Editor", "Unity.CollabProxy.Editor.csproj", "{4f9d0c22-84bb-332a-40b6-de329cf30323}"
EndProject
Project("{FAE04EC0-301F-11D3-BF4B-00C04F79EFBC}") = "Unity.Rider.Editor", "Unity.Rider.Editor.csproj", "{5e7edd59-bc5b-90e4-b464-f402c683846e}"
EndProject
Project("{FAE04EC0-301F-11D3-BF4B-00C04F79EFBC}") = "Unity.VisualStudio.Editor", "Unity.VisualStudio.Editor.csproj", "{0f1c9941-33de-dbf7-7d93-aa99e106d3c7}"
EndProject
Project("{FAE04EC0-301F-11D3-BF4B-00C04F79EFBC}") = "Unity.VSCode.Editor", "Unity.VSCode.Editor.csproj", "{6b36490d-86b2-52c5-7b63-5deb9d3f9d54}"
EndProject
Global
	GlobalSection(SolutionConfigurationPlatforms) = preSolution
		Debug|Any CPU = Debug|Any CPU
	EndGlobalSection
	GlobalSection(ProjectConfigurationPlatforms) = postSolution
		{006cab79-096e-3c65-bf33-9d15d5854676}.Debug|Any CPU.ActiveCfg = Debug|Any CPU
		{006cab79-096e-3c65-bf33-9d15d5854676}.Debug|Any CPU.Build.0 = Debug|Any CPU
		{253aef38-8755-dcd3-1473-e5c58c717209}.Debug|Any CPU.ActiveCfg = Debug|Any CPU
		{253aef38-8755-dcd3-1473-e5c58c717209}.Debug|Any CPU.Build.0 = Debug|Any CPU
		{df863b02-4f62-6a07-9b0d-c95ab984a5a5}.Debug|Any CPU.ActiveCfg = Debug|Any CPU
		{df863b02-4f62-6a07-9b0d-c95ab984a5a5}.Debug|Any CPU.Build.0 = Debug|Any CPU
		{038d5ec1-9d37-b868-c74e-4e4809ba3bb4}.Debug|Any CPU.ActiveCfg = Debug|Any CPU
		{038d5ec1-9d37-b868-c74e-4e4809ba3bb4}.Debug|Any CPU.Build.0 = Debug|Any CPU
		{8c5ca42a-2985-452c-4ca4-f106640e36f8}.Debug|Any CPU.ActiveCfg = Debug|Any CPU
		{8c5ca42a-2985-452c-4ca4-f106640e36f8}.Debug|Any CPU.Build.0 = Debug|Any CPU
		{072f80f2-e98f-3794-9171-04d147b9b31b}.Debug|Any CPU.ActiveCfg = Debug|Any CPU
		{072f80f2-e98f-3794-9171-04d147b9b31b}.Debug|Any CPU.Build.0 = Debug|Any CPU
		{380c4b28-83f4-1f05-f908-45f8f1b76d11}.Debug|Any CPU.ActiveCfg = Debug|Any CPU
		{380c4b28-83f4-1f05-f908-45f8f1b76d11}.Debug|Any CPU.Build.0 = Debug|Any CPU
		{4f9d0c22-84bb-332a-40b6-de329cf30323}.Debug|Any CPU.ActiveCfg = Debug|Any CPU
		{4f9d0c22-84bb-332a-40b6-de329cf30323}.Debug|Any CPU.Build.0 = Debug|Any CPU
		{5e7edd59-bc5b-90e4-b464-f402c683846e}.Debug|Any CPU.ActiveCfg = Debug|Any CPU
		{5e7edd59-bc5b-90e4-b464-f402c683846e}.Debug|Any CPU.Build.0 = Debug|Any CPU
		{0f1c9941-33de-dbf7-7d93-aa99e106d3c7}.Debug|Any CPU.ActiveCfg = Debug|Any CPU
		{0f1c9941-33de-dbf7-7d93-aa99e106d3c7}.Debug|Any CPU.Build.0 = Debug|Any CPU
		{6b36490d-86b2-52c5-7b63-5deb9d3f9d54}.Debug|Any CPU.ActiveCfg = Debug|Any CPU
		{6b36490d-86b2-52c5-7b63-5deb9d3f9d54}.Debug|Any CPU.Build.0 = Debug|Any CPU
	EndGlobalSection
	GlobalSection(SolutionProperties) = preSolution
		HideSolutionNode = FALSE
	EndGlobalSection
EndGlobal
